
Microsoft Visual Studio Solution File, Format Version 12.00
# Visual Studio 15
VisualStudioVersion = 15.0.28307.489
MinimumVisualStudioVersion = 10.0.40219.1
Project("{9A19103F-16F7-4668-BE54-9A1E7A4F7556}") = "RemoveMissingFiles", "RemoveMissingFiles.csproj", "{50823BAC-34B1-4563-A905-B39821603117}"
EndProject
Global
	GlobalSection(SolutionConfigurationPlatforms) = preSolution
		Debug|Any CPU = Debug|Any CPU
		Release|Any CPU = Release|Any CPU
	EndGlobalSection
	GlobalSection(ProjectConfigurationPlatforms) = postSolution
		{50823BAC-34B1-4563-A905-B39821603117}.Debug|Any CPU.ActiveCfg = Debug|Any CPU
		{50823BAC-34B1-4563-A905-B39821603117}.Debug|Any CPU.Build.0 = Debug|Any CPU
		{50823BAC-34B1-4563-A905-B39821603117}.Release|Any CPU.ActiveCfg = Release|Any CPU
		{50823BAC-34B1-4563-A905-B39821603117}.Release|Any CPU.Build.0 = Release|Any CPU
	EndGlobalSection
	GlobalSection(SolutionProperties) = preSolution
		HideSolutionNode = FALSE
	EndGlobalSection
	GlobalSection(ExtensibilityGlobals) = postSolution
		SolutionGuid = {15371851-ED12-40EB-A78A-26FA6EC58326}
	EndGlobalSection
EndGlobal
