
Microsoft Visual Studio Solution File, Format Version 12.00
# Visual Studio Version 16
Project("{FAE04EC0-301F-11D3-BF4B-00C04F79EFBC}") = "upgradeprojects", "upgradeprojects.csproj", "{ACC95D5D-7AAE-428F-964E-EB753598FC52}"
EndProject
Global
	GlobalSection(SolutionConfigurationPlatforms) = preSolution
		Debug|Any CPU = Debug|Any CPU
		Release|Any CPU = Release|Any CPU
	EndGlobalSection
	GlobalSection(ProjectConfigurationPlatforms) = postSolution
		{ACC95D5D-7AAE-428F-964E-EB753598FC52}.Debug|Any CPU.ActiveCfg = Debug|Any CPU
		{ACC95D5D-7AAE-428F-964E-EB753598FC52}.Debug|Any CPU.Build.0 = Debug|Any CPU
		{ACC95D5D-7AAE-428F-964E-EB753598FC52}.Release|Any CPU.ActiveCfg = Release|Any CPU
		{ACC95D5D-7AAE-428F-964E-EB753598FC52}.Release|Any CPU.Build.0 = Release|Any CPU
	EndGlobalSection
	GlobalSection(SolutionProperties) = preSolution
		HideSolutionNode = FALSE
	EndGlobalSection
	GlobalSection(ExtensibilityGlobals) = postSolution
		SolutionGuid = {8BA5035E-9AE4-47E6-BDE8-7F26E0243C89}
	EndGlobalSection
EndGlobal
