
Microsoft Visual Studio Solution File, Format Version 12.00
# Visual Studio Version 16
Project("{8BC9CEB8-8B4A-11D0-8D11-00A0C91BC942}") = "GetReturnValue", "GetReturnValue.vcxproj", "{5D3DC1D1-13A8-4FE9-9CF9-6E9FCE4F8A3D}"
EndProject
Global
	GlobalSection(SolutionConfigurationPlatforms) = preSolution
		Debug|x64 = Debug|x64
		Release|x64 = Release|x64
	EndGlobalSection
	GlobalSection(ProjectConfigurationPlatforms) = postSolution
		{5D3DC1D1-13A8-4FE9-9CF9-6E9FCE4F8A3D}.Debug|x64.ActiveCfg = Debug|x64
		{5D3DC1D1-13A8-4FE9-9CF9-6E9FCE4F8A3D}.Debug|x64.Build.0 = Debug|x64
		{5D3DC1D1-13A8-4FE9-9CF9-6E9FCE4F8A3D}.Release|x64.ActiveCfg = Release|x64
		{5D3DC1D1-13A8-4FE9-9CF9-6E9FCE4F8A3D}.Release|x64.Build.0 = Release|x64
	EndGlobalSection
	GlobalSection(SolutionProperties) = preSolution
		HideSolutionNode = FALSE
	EndGlobalSection
	GlobalSection(ExtensibilityGlobals) = postSolution
		SolutionGuid = {A9AD21A3-546D-4263-9AAF-B2D68C5FA401}
	EndGlobalSection
EndGlobal
