
Microsoft Visual Studio Solution File, Format Version 12.00
# Visual Studio Version 16
Project("{FAE04EC0-301F-11D3-BF4B-00C04F79EFBC}") = "GetElasticSize", "GetElasticSize.csproj", "{4CD3112C-9894-4737-A443-B4CAC6300FF9}"
EndProject
Global
	GlobalSection(SolutionConfigurationPlatforms) = preSolution
		Debug|Any CPU = Debug|Any CPU
		Release|Any CPU = Release|Any CPU
	EndGlobalSection
	GlobalSection(ProjectConfigurationPlatforms) = postSolution
		{4CD3112C-9894-4737-A443-B4CAC6300FF9}.Debug|Any CPU.ActiveCfg = Debug|Any CPU
		{4CD3112C-9894-4737-A443-B4CAC6300FF9}.Debug|Any CPU.Build.0 = Debug|Any CPU
		{4CD3112C-9894-4737-A443-B4CAC6300FF9}.Release|Any CPU.ActiveCfg = Release|Any CPU
		{4CD3112C-9894-4737-A443-B4CAC6300FF9}.Release|Any CPU.Build.0 = Release|Any CPU
	EndGlobalSection
	GlobalSection(SolutionProperties) = preSolution
		HideSolutionNode = FALSE
	EndGlobalSection
	GlobalSection(ExtensibilityGlobals) = postSolution
		SolutionGuid = {BD11BAC9-E20F-473C-AB33-3F845E9EFF8F}
	EndGlobalSection
EndGlobal
