
Microsoft Visual Studio Solution File, Format Version 12.00
# Visual Studio Version 16
Project("{FAE04EC0-301F-11D3-BF4B-00C04F79EFBC}") = "sortini", "sortini.csproj", "{8FA52B9A-95FA-410E-B207-84F7B3D9DE01}"
EndProject
Global
	GlobalSection(SolutionConfigurationPlatforms) = preSolution
		Debug|Any CPU = Debug|Any CPU
		Release|Any CPU = Release|Any CPU
	EndGlobalSection
	GlobalSection(ProjectConfigurationPlatforms) = postSolution
		{8FA52B9A-95FA-410E-B207-84F7B3D9DE01}.Debug|Any CPU.ActiveCfg = Debug|Any CPU
		{8FA52B9A-95FA-410E-B207-84F7B3D9DE01}.Debug|Any CPU.Build.0 = Debug|Any CPU
		{8FA52B9A-95FA-410E-B207-84F7B3D9DE01}.Release|Any CPU.ActiveCfg = Release|Any CPU
		{8FA52B9A-95FA-410E-B207-84F7B3D9DE01}.Release|Any CPU.Build.0 = Release|Any CPU
	EndGlobalSection
	GlobalSection(SolutionProperties) = preSolution
		HideSolutionNode = FALSE
	EndGlobalSection
	GlobalSection(ExtensibilityGlobals) = postSolution
		SolutionGuid = {B8F14DAB-EEE5-4896-91BC-DF6292157880}
	EndGlobalSection
EndGlobal
