
Microsoft Visual Studio Solution File, Format Version 12.00
# Visual Studio 15
VisualStudioVersion = 15.0.28307.489
MinimumVisualStudioVersion = 10.0.40219.1
Project("{9A19103F-16F7-4668-BE54-9A1E7A4F7556}") = "MergeSolutions", "MergeSolutions.csproj", "{764B39EC-BD3E-410F-9E76-56BA7DEBF77B}"
EndProject
Global
	GlobalSection(SolutionConfigurationPlatforms) = preSolution
		Debug|Any CPU = Debug|Any CPU
		Release|Any CPU = Release|Any CPU
	EndGlobalSection
	GlobalSection(ProjectConfigurationPlatforms) = postSolution
		{764B39EC-BD3E-410F-9E76-56BA7DEBF77B}.Debug|Any CPU.ActiveCfg = Debug|Any CPU
		{764B39EC-BD3E-410F-9E76-56BA7DEBF77B}.Debug|Any CPU.Build.0 = Debug|Any CPU
		{764B39EC-BD3E-410F-9E76-56BA7DEBF77B}.Release|Any CPU.ActiveCfg = Release|Any CPU
		{764B39EC-BD3E-410F-9E76-56BA7DEBF77B}.Release|Any CPU.Build.0 = Release|Any CPU
	EndGlobalSection
	GlobalSection(SolutionProperties) = preSolution
		HideSolutionNode = FALSE
	EndGlobalSection
	GlobalSection(ExtensibilityGlobals) = postSolution
		SolutionGuid = {B902F685-5579-4CE5-BE57-77D178A8C04A}
	EndGlobalSection
EndGlobal
