
Microsoft Visual Studio Solution File, Format Version 12.00
# Visual Studio 2013
Project("{8BC9CEB8-8B4A-11D0-8D11-00A0C91BC942}") = "TrimEnd", "TrimEnd.vcxproj", "{B949B105-4AA1-4421-AEB2-227010169242}"
EndProject
Global
	GlobalSection(SolutionConfigurationPlatforms) = preSolution
		Debug|Win32 = Debug|Win32
		Release|Win32 = Release|Win32
	EndGlobalSection
	GlobalSection(ProjectConfigurationPlatforms) = postSolution
		{B949B105-4AA1-4421-AEB2-227010169242}.Debug|Win32.ActiveCfg = Debug|Win32
		{B949B105-4AA1-4421-AEB2-227010169242}.Debug|Win32.Build.0 = Debug|Win32
		{B949B105-4AA1-4421-AEB2-227010169242}.Release|Win32.ActiveCfg = Release|Win32
		{B949B105-4AA1-4421-AEB2-227010169242}.Release|Win32.Build.0 = Release|Win32
	EndGlobalSection
	GlobalSection(SolutionProperties) = preSolution
		HideSolutionNode = FALSE
	EndGlobalSection
EndGlobal
