
Microsoft Visual Studio Solution File, Format Version 12.00
# Visual Studio Version 16
Project("{8BC9CEB8-8B4A-11D0-8D11-00A0C91BC942}") = "showargs", "showargs.vcxproj", "{BAEA435B-9E94-4CCC-8354-38059BA67575}"
EndProject
Global
	GlobalSection(SolutionConfigurationPlatforms) = preSolution
		Debug|x64 = Debug|x64
		Release|x64 = Release|x64
	EndGlobalSection
	GlobalSection(ProjectConfigurationPlatforms) = postSolution
		{BAEA435B-9E94-4CCC-8354-38059BA67575}.Debug|x64.ActiveCfg = Debug|x64
		{BAEA435B-9E94-4CCC-8354-38059BA67575}.Debug|x64.Build.0 = Debug|x64
		{BAEA435B-9E94-4CCC-8354-38059BA67575}.Release|x64.ActiveCfg = Release|x64
		{BAEA435B-9E94-4CCC-8354-38059BA67575}.Release|x64.Build.0 = Release|x64
	EndGlobalSection
	GlobalSection(SolutionProperties) = preSolution
		HideSolutionNode = FALSE
	EndGlobalSection
	GlobalSection(ExtensibilityGlobals) = postSolution
		SolutionGuid = {CB24F285-5524-4697-B14E-225AEA8365B2}
	EndGlobalSection
EndGlobal
