
Microsoft Visual Studio Solution File, Format Version 12.00
# Visual Studio Version 16
Project("{FAE04EC0-301F-11D3-BF4B-00C04F79EFBC}") = "DBExport", "DBExport.csproj", "{FA5C275E-D8CB-4390-B28C-1EDAEE96C3FF}"
EndProject
Global
	GlobalSection(SolutionConfigurationPlatforms) = preSolution
		Debug|Any CPU = Debug|Any CPU
		Release|Any CPU = Release|Any CPU
	EndGlobalSection
	GlobalSection(ProjectConfigurationPlatforms) = postSolution
		{FA5C275E-D8CB-4390-B28C-1EDAEE96C3FF}.Debug|Any CPU.ActiveCfg = Debug|Any CPU
		{FA5C275E-D8CB-4390-B28C-1EDAEE96C3FF}.Debug|Any CPU.Build.0 = Debug|Any CPU
		{FA5C275E-D8CB-4390-B28C-1EDAEE96C3FF}.Release|Any CPU.ActiveCfg = Release|Any CPU
		{FA5C275E-D8CB-4390-B28C-1EDAEE96C3FF}.Release|Any CPU.Build.0 = Release|Any CPU
	EndGlobalSection
	GlobalSection(SolutionProperties) = preSolution
		HideSolutionNode = FALSE
	EndGlobalSection
	GlobalSection(ExtensibilityGlobals) = postSolution
		SolutionGuid = {CE57FEE9-8D8F-4184-ABCF-799877A389E7}
	EndGlobalSection
EndGlobal
