
Microsoft Visual Studio Solution File, Format Version 12.00
# Visual Studio 15
VisualStudioVersion = 15.0.28307.489
MinimumVisualStudioVersion = 10.0.40219.1
Project("{FAE04EC0-301F-11D3-BF4B-00C04F79EFBC}") = "copysync", "copysync.csproj", "{381FFDAD-5213-4689-A99E-7F4F0F21C187}"
EndProject
Global
	GlobalSection(SolutionConfigurationPlatforms) = preSolution
		Debug|Any CPU = Debug|Any CPU
		Release|Any CPU = Release|Any CPU
	EndGlobalSection
	GlobalSection(ProjectConfigurationPlatforms) = postSolution
		{381FFDAD-5213-4689-A99E-7F4F0F21C187}.Debug|Any CPU.ActiveCfg = Debug|Any CPU
		{381FFDAD-5213-4689-A99E-7F4F0F21C187}.Debug|Any CPU.Build.0 = Debug|Any CPU
		{381FFDAD-5213-4689-A99E-7F4F0F21C187}.Release|Any CPU.ActiveCfg = Release|Any CPU
		{381FFDAD-5213-4689-A99E-7F4F0F21C187}.Release|Any CPU.Build.0 = Release|Any CPU
	EndGlobalSection
	GlobalSection(SolutionProperties) = preSolution
		HideSolutionNode = FALSE
	EndGlobalSection
	GlobalSection(ExtensibilityGlobals) = postSolution
		SolutionGuid = {154A1DB2-2750-4FD1-9A91-7772C88A9502}
	EndGlobalSection
EndGlobal
