
Microsoft Visual Studio Solution File, Format Version 12.00
# Visual Studio 15
VisualStudioVersion = 15.0.28307.489
MinimumVisualStudioVersion = 10.0.40219.1
Project("{FAE04EC0-301F-11D3-BF4B-00C04F79EFBC}") = "CreatePublish", "CreatePublish.csproj", "{265753AB-92E6-4D3E-99DE-76D007206BC2}"
EndProject
Global
	GlobalSection(SolutionConfigurationPlatforms) = preSolution
		Debug|Any CPU = Debug|Any CPU
		Release|Any CPU = Release|Any CPU
	EndGlobalSection
	GlobalSection(ProjectConfigurationPlatforms) = postSolution
		{265753AB-92E6-4D3E-99DE-76D007206BC2}.Debug|Any CPU.ActiveCfg = Debug|Any CPU
		{265753AB-92E6-4D3E-99DE-76D007206BC2}.Debug|Any CPU.Build.0 = Debug|Any CPU
		{265753AB-92E6-4D3E-99DE-76D007206BC2}.Release|Any CPU.ActiveCfg = Release|Any CPU
		{265753AB-92E6-4D3E-99DE-76D007206BC2}.Release|Any CPU.Build.0 = Release|Any CPU
	EndGlobalSection
	GlobalSection(SolutionProperties) = preSolution
		HideSolutionNode = FALSE
	EndGlobalSection
	GlobalSection(ExtensibilityGlobals) = postSolution
		SolutionGuid = {AB8F3B7C-90D3-453E-ABC5-1E044D860BD7}
	EndGlobalSection
EndGlobal
