
Microsoft Visual Studio Solution File, Format Version 12.00
# Visual Studio 2013
VisualStudioVersion = 12.0.31101.0
MinimumVisualStudioVersion = 10.0.40219.1
Project("{FAE04EC0-301F-11D3-BF4B-00C04F79EFBC}") = "CreatePublish", "CreatePublish.csproj", "{265753AB-92E6-4D3E-99DE-76D007206BC2}"
EndProject
Global
	GlobalSection(SolutionConfigurationPlatforms) = preSolution
		Debug|AnyCPU = Debug|AnyCPU
		Release|AnyCPU = Release|AnyCPU
	EndGlobalSection
	GlobalSection(ProjectConfigurationPlatforms) = postSolution
		{265753AB-92E6-4D3E-99DE-76D007206BC2}.Debug|AnyCPU.ActiveCfg = Debug|Any CPU
		{265753AB-92E6-4D3E-99DE-76D007206BC2}.Debug|AnyCPU.Build.0 = Debug|Any CPU
		{265753AB-92E6-4D3E-99DE-76D007206BC2}.Release|AnyCPU.ActiveCfg = Release|Any CPU
		{265753AB-92E6-4D3E-99DE-76D007206BC2}.Release|AnyCPU.Build.0 = Release|Any CPU
	EndGlobalSection
	GlobalSection(SolutionProperties) = preSolution
		HideSolutionNode = FALSE
	EndGlobalSection
EndGlobal
