
Microsoft Visual Studio Solution File, Format Version 12.00
# Visual Studio Version 16
Project("{FAE04EC0-301F-11D3-BF4B-00C04F79EFBC}") = "gethash", "gethash.csproj", "{305CA436-F524-4CE4-AF2D-DE710E550D8A}"
EndProject
Global
	GlobalSection(SolutionConfigurationPlatforms) = preSolution
		Debug|Any CPU = Debug|Any CPU
		Release|Any CPU = Release|Any CPU
	EndGlobalSection
	GlobalSection(ProjectConfigurationPlatforms) = postSolution
		{305CA436-F524-4CE4-AF2D-DE710E550D8A}.Debug|Any CPU.ActiveCfg = Debug|Any CPU
		{305CA436-F524-4CE4-AF2D-DE710E550D8A}.Debug|Any CPU.Build.0 = Debug|Any CPU
		{305CA436-F524-4CE4-AF2D-DE710E550D8A}.Release|Any CPU.ActiveCfg = Release|Any CPU
		{305CA436-F524-4CE4-AF2D-DE710E550D8A}.Release|Any CPU.Build.0 = Release|Any CPU
	EndGlobalSection
	GlobalSection(SolutionProperties) = preSolution
		HideSolutionNode = FALSE
	EndGlobalSection
	GlobalSection(ExtensibilityGlobals) = postSolution
		SolutionGuid = {196AB193-0BAF-4CD1-B5AB-9D3D0570B643}
	EndGlobalSection
EndGlobal
