
Microsoft Visual Studio Solution File, Format Version 12.00
# Visual Studio 2013
Project("{FAE04EC0-301F-11D3-BF4B-00C04F79EFBC}") = "DBUtil", "DBUtil.csproj", "{BB34C38B-3780-4F32-8CB5-82627382FF0B}"
EndProject
Global
	GlobalSection(SolutionConfigurationPlatforms) = preSolution
		Debug|Any CPU = Debug|Any CPU
		Release|Any CPU = Release|Any CPU
	EndGlobalSection
	GlobalSection(ProjectConfigurationPlatforms) = postSolution
		{BB34C38B-3780-4F32-8CB5-82627382FF0B}.Debug|Any CPU.ActiveCfg = Debug|Any CPU
		{BB34C38B-3780-4F32-8CB5-82627382FF0B}.Debug|Any CPU.Build.0 = Debug|Any CPU
		{BB34C38B-3780-4F32-8CB5-82627382FF0B}.Release|Any CPU.ActiveCfg = Release|Any CPU
		{BB34C38B-3780-4F32-8CB5-82627382FF0B}.Release|Any CPU.Build.0 = Release|Any CPU
	EndGlobalSection
	GlobalSection(SolutionProperties) = preSolution
		HideSolutionNode = FALSE
	EndGlobalSection
EndGlobal
