
Microsoft Visual Studio Solution File, Format Version 12.00
# Visual Studio Version 16
Project("{FAE04EC0-301F-11D3-BF4B-00C04F79EFBC}") = "GatherOutputAssemblies", "GatherOutputAssemblies.csproj", "{265753AB-92E6-4D3E-99DE-76D007206BD2}"
EndProject
Global
	GlobalSection(SolutionConfigurationPlatforms) = preSolution
		Debug|Any CPU = Debug|Any CPU
		Release|Any CPU = Release|Any CPU
	EndGlobalSection
	GlobalSection(ProjectConfigurationPlatforms) = postSolution
		{265753AB-92E6-4D3E-99DE-76D007206BD2}.Debug|Any CPU.ActiveCfg = Debug|Any CPU
		{265753AB-92E6-4D3E-99DE-76D007206BD2}.Debug|Any CPU.Build.0 = Debug|Any CPU
		{265753AB-92E6-4D3E-99DE-76D007206BD2}.Release|Any CPU.ActiveCfg = Release|Any CPU
		{265753AB-92E6-4D3E-99DE-76D007206BD2}.Release|Any CPU.Build.0 = Release|Any CPU
	EndGlobalSection
	GlobalSection(SolutionProperties) = preSolution
		HideSolutionNode = FALSE
	EndGlobalSection
	GlobalSection(ExtensibilityGlobals) = postSolution
		SolutionGuid = {39E407B2-F46F-4694-8A61-772394FA51C6}
	EndGlobalSection
EndGlobal
