
Microsoft Visual Studio Solution File, Format Version 12.00
# Visual Studio Version 16
Project("{8BC9CEB8-8B4A-11D0-8D11-00A0C91BC942}") = "SortRun", "SortRun.vcxproj", "{72A75809-EA13-4AD4-9F2F-FDB36615C4FB}"
EndProject
Global
	GlobalSection(SolutionConfigurationPlatforms) = preSolution
		Debug|x64 = Debug|x64
		Release|x64 = Release|x64
	EndGlobalSection
	GlobalSection(ProjectConfigurationPlatforms) = postSolution
		{72A75809-EA13-4AD4-9F2F-FDB36615C4FB}.Debug|x64.ActiveCfg = Debug|x64
		{72A75809-EA13-4AD4-9F2F-FDB36615C4FB}.Debug|x64.Build.0 = Debug|x64
		{72A75809-EA13-4AD4-9F2F-FDB36615C4FB}.Release|x64.ActiveCfg = Release|x64
		{72A75809-EA13-4AD4-9F2F-FDB36615C4FB}.Release|x64.Build.0 = Release|x64
	EndGlobalSection
	GlobalSection(SolutionProperties) = preSolution
		HideSolutionNode = FALSE
	EndGlobalSection
	GlobalSection(ExtensibilityGlobals) = postSolution
		SolutionGuid = {E12BB5AA-A8CD-4179-AB43-0970CDF00DBB}
	EndGlobalSection
EndGlobal
