
Microsoft Visual Studio Solution File, Format Version 12.00
# Visual Studio 15
VisualStudioVersion = 15.0.28307.438
MinimumVisualStudioVersion = 10.0.40219.1
Project("{9A19103F-16F7-4668-BE54-9A1E7A4F7556}") = "CleanDiffJson", "CleanDiffJson.csproj", "{0CA3EB1D-4C33-446E-BC28-E78FCC28910C}"
EndProject
Global
	GlobalSection(SolutionConfigurationPlatforms) = preSolution
		Debug|Any CPU = Debug|Any CPU
		Release|Any CPU = Release|Any CPU
	EndGlobalSection
	GlobalSection(ProjectConfigurationPlatforms) = postSolution
		{0CA3EB1D-4C33-446E-BC28-E78FCC28910C}.Debug|Any CPU.ActiveCfg = Debug|Any CPU
		{0CA3EB1D-4C33-446E-BC28-E78FCC28910C}.Debug|Any CPU.Build.0 = Debug|Any CPU
		{0CA3EB1D-4C33-446E-BC28-E78FCC28910C}.Release|Any CPU.ActiveCfg = Release|Any CPU
		{0CA3EB1D-4C33-446E-BC28-E78FCC28910C}.Release|Any CPU.Build.0 = Release|Any CPU
	EndGlobalSection
	GlobalSection(SolutionProperties) = preSolution
		HideSolutionNode = FALSE
	EndGlobalSection
	GlobalSection(ExtensibilityGlobals) = postSolution
		SolutionGuid = {096DCBB9-8134-4C55-AF5B-F77848F27A1F}
	EndGlobalSection
EndGlobal
