
Microsoft Visual Studio Solution File, Format Version 12.00
# Visual Studio Version 16
VisualStudioVersion = 16.0.30204.135
MinimumVisualStudioVersion = 10.0.40219.1
Project("{FAE04EC0-301F-11D3-BF4B-00C04F79EFBC}") = "wsfix", "wsfix.csproj", "{870B2D68-84C9-40AA-ACA9-D698CEE04CAD}"
EndProject
Global
	GlobalSection(SolutionConfigurationPlatforms) = preSolution
		Debug|Any CPU = Debug|Any CPU
		Release|Any CPU = Release|Any CPU
	EndGlobalSection
	GlobalSection(ProjectConfigurationPlatforms) = postSolution
		{870B2D68-84C9-40AA-ACA9-D698CEE04CAD}.Debug|Any CPU.ActiveCfg = Debug|Any CPU
		{870B2D68-84C9-40AA-ACA9-D698CEE04CAD}.Debug|Any CPU.Build.0 = Debug|Any CPU
		{870B2D68-84C9-40AA-ACA9-D698CEE04CAD}.Release|Any CPU.ActiveCfg = Release|Any CPU
		{870B2D68-84C9-40AA-ACA9-D698CEE04CAD}.Release|Any CPU.Build.0 = Release|Any CPU
	EndGlobalSection
	GlobalSection(SolutionProperties) = preSolution
		HideSolutionNode = FALSE
	EndGlobalSection
	GlobalSection(ExtensibilityGlobals) = postSolution
		SolutionGuid = {58A9A98E-2474-4B14-92B4-2E53F1A30776}
	EndGlobalSection
EndGlobal
