
Microsoft Visual Studio Solution File, Format Version 12.00
# Visual Studio 15
VisualStudioVersion = 15.0.28307.489
MinimumVisualStudioVersion = 10.0.40219.1
Project("{FAE04EC0-301F-11D3-BF4B-00C04F79EFBC}") = "CleanDiff", "CleanDiff.csproj", "{0CA3EB1D-4C33-446E-BC28-E78FCC28910B}"
EndProject
Global
	GlobalSection(SolutionConfigurationPlatforms) = preSolution
		Debug|Any CPU = Debug|Any CPU
		Release|Any CPU = Release|Any CPU
	EndGlobalSection
	GlobalSection(ProjectConfigurationPlatforms) = postSolution
		{0CA3EB1D-4C33-446E-BC28-E78FCC28910B}.Debug|Any CPU.ActiveCfg = Debug|Any CPU
		{0CA3EB1D-4C33-446E-BC28-E78FCC28910B}.Debug|Any CPU.Build.0 = Debug|Any CPU
		{0CA3EB1D-4C33-446E-BC28-E78FCC28910B}.Release|Any CPU.ActiveCfg = Release|Any CPU
		{0CA3EB1D-4C33-446E-BC28-E78FCC28910B}.Release|Any CPU.Build.0 = Release|Any CPU
	EndGlobalSection
	GlobalSection(SolutionProperties) = preSolution
		HideSolutionNode = FALSE
	EndGlobalSection
	GlobalSection(ExtensibilityGlobals) = postSolution
		SolutionGuid = {4FA76FBA-F01F-4067-BD02-60B9044D2552}
	EndGlobalSection
EndGlobal
