
Microsoft Visual Studio Solution File, Format Version 12.00
# Visual Studio Version 16
Project("{FAE04EC0-301F-11D3-BF4B-00C04F79EFBC}") = "urldecode", "urldecode.csproj", "{8212C02B-E599-49D5-8D2B-BD3CEEE07335}"
EndProject
Global
	GlobalSection(SolutionConfigurationPlatforms) = preSolution
		Debug|Any CPU = Debug|Any CPU
		Release|Any CPU = Release|Any CPU
	EndGlobalSection
	GlobalSection(ProjectConfigurationPlatforms) = postSolution
		{8212C02B-E599-49D5-8D2B-BD3CEEE07335}.Debug|Any CPU.ActiveCfg = Debug|Any CPU
		{8212C02B-E599-49D5-8D2B-BD3CEEE07335}.Debug|Any CPU.Build.0 = Debug|Any CPU
		{8212C02B-E599-49D5-8D2B-BD3CEEE07335}.Release|Any CPU.ActiveCfg = Release|Any CPU
		{8212C02B-E599-49D5-8D2B-BD3CEEE07335}.Release|Any CPU.Build.0 = Release|Any CPU
	EndGlobalSection
	GlobalSection(SolutionProperties) = preSolution
		HideSolutionNode = FALSE
	EndGlobalSection
	GlobalSection(ExtensibilityGlobals) = postSolution
		SolutionGuid = {0115F73B-9319-4B6C-A47D-137DE70BD598}
	EndGlobalSection
EndGlobal
