
Microsoft Visual Studio Solution File, Format Version 12.00
# Visual Studio Version 16
Project("{8BC9CEB8-8B4A-11D0-8D11-00A0C91BC942}") = "cutstring", "cutstring.vcxproj", "{1035D0F6-58E2-476C-8AA3-FB475559D934}"
EndProject
Global
	GlobalSection(SolutionConfigurationPlatforms) = preSolution
		Debug|x64 = Debug|x64
		Release|x64 = Release|x64
	EndGlobalSection
	GlobalSection(ProjectConfigurationPlatforms) = postSolution
		{1035D0F6-58E2-476C-8AA3-FB475559D934}.Debug|x64.ActiveCfg = Debug|x64
		{1035D0F6-58E2-476C-8AA3-FB475559D934}.Debug|x64.Build.0 = Debug|x64
		{1035D0F6-58E2-476C-8AA3-FB475559D934}.Release|x64.ActiveCfg = Release|x64
		{1035D0F6-58E2-476C-8AA3-FB475559D934}.Release|x64.Build.0 = Release|x64
	EndGlobalSection
	GlobalSection(SolutionProperties) = preSolution
		HideSolutionNode = FALSE
	EndGlobalSection
	GlobalSection(ExtensibilityGlobals) = postSolution
		SolutionGuid = {E3AFD4E8-9C5C-461C-9C17-296361E5340E}
	EndGlobalSection
EndGlobal
