
Microsoft Visual Studio Solution File, Format Version 12.00
# Visual Studio Version 16
Project("{FAE04EC0-301F-11D3-BF4B-00C04F79EFBC}") = "AddRef", "AddRef.csproj", "{15D98E81-C1C5-44AB-9526-4A56680B2061}"
EndProject
Global
	GlobalSection(SolutionConfigurationPlatforms) = preSolution
		Debug|Any CPU = Debug|Any CPU
		Release|Any CPU = Release|Any CPU
	EndGlobalSection
	GlobalSection(ProjectConfigurationPlatforms) = postSolution
		{15D98E81-C1C5-44AB-9526-4A56680B2061}.Debug|Any CPU.ActiveCfg = Debug|Any CPU
		{15D98E81-C1C5-44AB-9526-4A56680B2061}.Debug|Any CPU.Build.0 = Debug|Any CPU
		{15D98E81-C1C5-44AB-9526-4A56680B2061}.Release|Any CPU.ActiveCfg = Release|Any CPU
		{15D98E81-C1C5-44AB-9526-4A56680B2061}.Release|Any CPU.Build.0 = Release|Any CPU
	EndGlobalSection
	GlobalSection(SolutionProperties) = preSolution
		HideSolutionNode = FALSE
	EndGlobalSection
	GlobalSection(ExtensibilityGlobals) = postSolution
		SolutionGuid = {E27F0997-5365-4E59-B51A-76C77EB86F2E}
	EndGlobalSection
EndGlobal
