
Microsoft Visual Studio Solution File, Format Version 12.00
# Visual Studio 15
VisualStudioVersion = 15.0.28307.489
MinimumVisualStudioVersion = 10.0.40219.1
Project("{FAE04EC0-301F-11D3-BF4B-00C04F79EFBC}") = "GenerateTransform", "GenerateTransform.csproj", "{0A0281C2-912F-4FBA-A996-57BFA63B91BD}"
EndProject
Global
	GlobalSection(SolutionConfigurationPlatforms) = preSolution
		Debug|Any CPU = Debug|Any CPU
		Release|Any CPU = Release|Any CPU
	EndGlobalSection
	GlobalSection(ProjectConfigurationPlatforms) = postSolution
		{0A0281C2-912F-4FBA-A996-57BFA63B91BD}.Debug|Any CPU.ActiveCfg = Debug|Any CPU
		{0A0281C2-912F-4FBA-A996-57BFA63B91BD}.Debug|Any CPU.Build.0 = Debug|Any CPU
		{0A0281C2-912F-4FBA-A996-57BFA63B91BD}.Release|Any CPU.ActiveCfg = Release|Any CPU
		{0A0281C2-912F-4FBA-A996-57BFA63B91BD}.Release|Any CPU.Build.0 = Release|Any CPU
	EndGlobalSection
	GlobalSection(SolutionProperties) = preSolution
		HideSolutionNode = FALSE
	EndGlobalSection
	GlobalSection(ExtensibilityGlobals) = postSolution
		SolutionGuid = {B63D706C-9637-4E14-907C-C83DF9B63D8E}
	EndGlobalSection
EndGlobal
