
Microsoft Visual Studio Solution File, Format Version 12.00
# Visual Studio 15
VisualStudioVersion = 15.0.28307.489
MinimumVisualStudioVersion = 10.0.40219.1
Project("{9A19103F-16F7-4668-BE54-9A1E7A4F7556}") = "ExportDateTable", "ExportDateTable.csproj", "{50784D6D-2ED2-45FF-9DD6-F9386DD6DC8E}"
EndProject
Global
	GlobalSection(SolutionConfigurationPlatforms) = preSolution
		Debug|Any CPU = Debug|Any CPU
		Release|Any CPU = Release|Any CPU
	EndGlobalSection
	GlobalSection(ProjectConfigurationPlatforms) = postSolution
		{50784D6D-2ED2-45FF-9DD6-F9386DD6DC8E}.Debug|Any CPU.ActiveCfg = Debug|Any CPU
		{50784D6D-2ED2-45FF-9DD6-F9386DD6DC8E}.Debug|Any CPU.Build.0 = Debug|Any CPU
		{50784D6D-2ED2-45FF-9DD6-F9386DD6DC8E}.Release|Any CPU.ActiveCfg = Release|Any CPU
		{50784D6D-2ED2-45FF-9DD6-F9386DD6DC8E}.Release|Any CPU.Build.0 = Release|Any CPU
	EndGlobalSection
	GlobalSection(SolutionProperties) = preSolution
		HideSolutionNode = FALSE
	EndGlobalSection
	GlobalSection(ExtensibilityGlobals) = postSolution
		SolutionGuid = {3EB63056-56C0-4407-A5CD-9B012CF9F55C}
	EndGlobalSection
EndGlobal
